
Microsoft Visual Studio Solution File, Format Version 12.00
# Visual Studio Version 16
VisualStudioVersion = 16.0.29230.47
MinimumVisualStudioVersion = 10.0.40219.1
Project("{E24C65DC-7377-472B-9ABA-BC803B73C61A}") = "AppPersonalWebSite", "AppPersonalWebSite\", "{F7A586A7-7414-4EE7-A55B-E54646056237}"
	ProjectSection(WebsiteProperties) = preProject
		TargetFrameworkMoniker = ".NETFramework,Version%3Dv4.7.2"
		ProjectReferences = "{b81536a2-a779-4d19-9a04-f5681a97d837}|SQLDataProcessAndObjects.dll;{fe5f182f-5442-4e1a-8410-1272fbfc69b8}|CRAneoSUSecurity.dll;"
		Debug.AspNetCompiler.VirtualPath = "/localhost_56958"
		Debug.AspNetCompiler.PhysicalPath = "AppPersonalWebSite\"
		Debug.AspNetCompiler.TargetPath = "PrecompiledWeb\localhost_56958\"
		Debug.AspNetCompiler.Updateable = "true"
		Debug.AspNetCompiler.ForceOverwrite = "true"
		Debug.AspNetCompiler.FixedNames = "false"
		Debug.AspNetCompiler.Debug = "True"
		Release.AspNetCompiler.VirtualPath = "/localhost_56958"
		Release.AspNetCompiler.PhysicalPath = "AppPersonalWebSite\"
		Release.AspNetCompiler.TargetPath = "PrecompiledWeb\localhost_56958\"
		Release.AspNetCompiler.Updateable = "true"
		Release.AspNetCompiler.ForceOverwrite = "true"
		Release.AspNetCompiler.FixedNames = "false"
		Release.AspNetCompiler.Debug = "False"
		VWDPort = "56958"
		SlnRelativePath = "AppPersonalWebSite\"
		DefaultWebSiteLanguage = "Visual C#"
	EndProjectSection
EndProject
Project("{FAE04EC0-301F-11D3-BF4B-00C04F79EFBC}") = "SQLDataProcessAndObjects", "SQLDataProcessAndObjects\SQLDataProcessAndObjects.csproj", "{B81536A2-A779-4D19-9A04-F5681A97D837}"
EndProject
Project("{FAE04EC0-301F-11D3-BF4B-00C04F79EFBC}") = "CRAneoSUSecurity", "CRAneoSUSecurity\CRAneoSUSecurity.csproj", "{FE5F182F-5442-4E1A-8410-1272FBFC69B8}"
EndProject
Global
	GlobalSection(SolutionConfigurationPlatforms) = preSolution
		Debug|Any CPU = Debug|Any CPU
		Release|Any CPU = Release|Any CPU
	EndGlobalSection
	GlobalSection(ProjectConfigurationPlatforms) = postSolution
		{F7A586A7-7414-4EE7-A55B-E54646056237}.Debug|Any CPU.ActiveCfg = Debug|Any CPU
		{F7A586A7-7414-4EE7-A55B-E54646056237}.Debug|Any CPU.Build.0 = Debug|Any CPU
		{F7A586A7-7414-4EE7-A55B-E54646056237}.Release|Any CPU.ActiveCfg = Debug|Any CPU
		{F7A586A7-7414-4EE7-A55B-E54646056237}.Release|Any CPU.Build.0 = Debug|Any CPU
		{B81536A2-A779-4D19-9A04-F5681A97D837}.Debug|Any CPU.ActiveCfg = Debug|Any CPU
		{B81536A2-A779-4D19-9A04-F5681A97D837}.Debug|Any CPU.Build.0 = Debug|Any CPU
		{B81536A2-A779-4D19-9A04-F5681A97D837}.Release|Any CPU.ActiveCfg = Release|Any CPU
		{B81536A2-A779-4D19-9A04-F5681A97D837}.Release|Any CPU.Build.0 = Release|Any CPU
		{FE5F182F-5442-4E1A-8410-1272FBFC69B8}.Debug|Any CPU.ActiveCfg = Debug|Any CPU
		{FE5F182F-5442-4E1A-8410-1272FBFC69B8}.Debug|Any CPU.Build.0 = Debug|Any CPU
		{FE5F182F-5442-4E1A-8410-1272FBFC69B8}.Release|Any CPU.ActiveCfg = Release|Any CPU
		{FE5F182F-5442-4E1A-8410-1272FBFC69B8}.Release|Any CPU.Build.0 = Release|Any CPU
	EndGlobalSection
	GlobalSection(SolutionProperties) = preSolution
		HideSolutionNode = FALSE
	EndGlobalSection
	GlobalSection(ExtensibilityGlobals) = postSolution
		SolutionGuid = {7561E96E-4251-4316-82FE-B6884AF3857E}
	EndGlobalSection
EndGlobal
